
Microsoft Visual Studio Solution File, Format Version 12.00
# Visual Studio 2017
Project("{FAE04EC0-301F-11D3-BF4B-00C04F79EFBC}") = "TrumpetNoteDemo", "TrumpetNoteDemo.csproj", "{2E83A230-FF14-4566-EBA0-015E28B34DC5}"
EndProject
Project("{FAE04EC0-301F-11D3-BF4B-00C04F79EFBC}") = "TrumpetNoteDemo.Editor", "TrumpetNoteDemo.Editor.csproj", "{B5723193-5DF6-8ABD-1E78-64AD8F87E164}"
EndProject
Global
	GlobalSection(SolutionConfigurationPlatforms) = preSolution
		Debug|Any CPU = Debug|Any CPU
		Release|Any CPU = Release|Any CPU
	EndGlobalSection
	GlobalSection(ProjectConfigurationPlatforms) = postSolution
		{2E83A230-FF14-4566-EBA0-015E28B34DC5}.Debug|Any CPU.ActiveCfg = Debug|Any CPU
		{2E83A230-FF14-4566-EBA0-015E28B34DC5}.Debug|Any CPU.Build.0 = Debug|Any CPU
		{2E83A230-FF14-4566-EBA0-015E28B34DC5}.Release|Any CPU.ActiveCfg = Release|Any CPU
		{2E83A230-FF14-4566-EBA0-015E28B34DC5}.Release|Any CPU.Build.0 = Release|Any CPU
		{B5723193-5DF6-8ABD-1E78-64AD8F87E164}.Debug|Any CPU.ActiveCfg = Debug|Any CPU
		{B5723193-5DF6-8ABD-1E78-64AD8F87E164}.Debug|Any CPU.Build.0 = Debug|Any CPU
		{B5723193-5DF6-8ABD-1E78-64AD8F87E164}.Release|Any CPU.ActiveCfg = Release|Any CPU
		{B5723193-5DF6-8ABD-1E78-64AD8F87E164}.Release|Any CPU.Build.0 = Release|Any CPU
	EndGlobalSection
	GlobalSection(SolutionProperties) = preSolution
		HideSolutionNode = FALSE
	EndGlobalSection
EndGlobal
